
Microsoft Visual Studio Solution File, Format Version 12.00
# Visual Studio 14
VisualStudioVersion = 14.0.23107.0
MinimumVisualStudioVersion = 10.0.40219.1
Project("{FAE04EC0-301F-11D3-BF4B-00C04F79EFBC}") = "UI for Circular button", "UI for Circular button\UI for Circular button.csproj", "{A692206D-53D4-46BD-887C-5504CB0371BE}"
EndProject
Global
	GlobalSection(SolutionConfigurationPlatforms) = preSolution
		Debug|Any CPU = Debug|Any CPU
		Release|Any CPU = Release|Any CPU
	EndGlobalSection
	GlobalSection(ProjectConfigurationPlatforms) = postSolution
		{A692206D-53D4-46BD-887C-5504CB0371BE}.Debug|Any CPU.ActiveCfg = Debug|Any CPU
		{A692206D-53D4-46BD-887C-5504CB0371BE}.Debug|Any CPU.Build.0 = Debug|Any CPU
		{A692206D-53D4-46BD-887C-5504CB0371BE}.Release|Any CPU.ActiveCfg = Release|Any CPU
		{A692206D-53D4-46BD-887C-5504CB0371BE}.Release|Any CPU.Build.0 = Release|Any CPU
	EndGlobalSection
	GlobalSection(SolutionProperties) = preSolution
		HideSolutionNode = FALSE
	EndGlobalSection
EndGlobal
